{
  "pins" : [
    {
      "identity" : "ios-fleksyappscore",
      "kind" : "remoteSourceControl",
      "location" : "https://github.com/FleksySDK/iOS-FleksyAppsCore.git",
      "state" : {
        "revision" : "fef4136a5dcfd8260e0f35f5bb65888db3965ddd",
        "version" : "1.0.0"
      }
    }
  ],
  "version" : 2
}
