{
  "pins" : [
    {
      "identity" : "ios-fleksyappscore",
      "kind" : "remoteSourceControl",
      "location" : "https://github.com/FleksySDK/iOS-FleksyAppsCore.git",
      "state" : {
        "revision" : "5c25b4eaceebe3e326d1576c3fda14ad77708b75",
        "version" : "0.9.1"
      }
    }
  ],
  "version" : 2
}
