{
  "pins" : [
    {
      "identity" : "ios-fleksyappscore",
      "kind" : "remoteSourceControl",
      "location" : "https://github.com/FleksySDK/iOS-FleksyAppsCore.git",
      "state" : {
        "revision" : "906000a77a51fc5a00a5eeb8ce1c5dad7daf7ae6",
        "version" : "1.4.0"
      }
    }
  ],
  "version" : 2
}
